PODS:
  - ITSwitch (1.0)
  - LetsMove (1.24)

DEPENDENCIES:
  - ITSwitch
  - LetsMove

SPEC REPOS:
  https://github.com/CocoaPods/Specs.git:
    - ITSwitch
    - LetsMove

SPEC CHECKSUMS:
  ITSwitch: 7ff745d6f2a6910e9194b23e4eab9a843258a478
  LetsMove: fefe56bc7bc7fb7d37049e28a14f297961229fc5

PODFILE CHECKSUM: f1682402e3598f271953f1ee3319595421e23b23

COCOAPODS: 1.5.0
